
Microsoft Visual Studio Solution File, Format Version 12.00
# Visual Studio Version 17
VisualStudioVersion = 17.6.33712.159
MinimumVisualStudioVersion = 10.0.40219.1
Project("{FAE04EC0-301F-11D3-BF4B-00C04F79EFBC}") = "PayrollServiceADO.NET", "PayrollServiceADO.NET.csproj", "{F95BEADD-624E-4E98-A0B3-5A25A88279C8}"
EndProject
Global
	GlobalSection(SolutionConfigurationPlatforms) = preSolution
		Debug|Any CPU = Debug|Any CPU
		Release|Any CPU = Release|Any CPU
	EndGlobalSection
	GlobalSection(ProjectConfigurationPlatforms) = postSolution
		{F95BEADD-624E-4E98-A0B3-5A25A88279C8}.Debug|Any CPU.ActiveCfg = Debug|Any CPU
		{F95BEADD-624E-4E98-A0B3-5A25A88279C8}.Debug|Any CPU.Build.0 = Debug|Any CPU
		{F95BEADD-624E-4E98-A0B3-5A25A88279C8}.Release|Any CPU.ActiveCfg = Release|Any CPU
		{F95BEADD-624E-4E98-A0B3-5A25A88279C8}.Release|Any CPU.Build.0 = Release|Any CPU
	EndGlobalSection
	GlobalSection(SolutionProperties) = preSolution
		HideSolutionNode = FALSE
	EndGlobalSection
	GlobalSection(ExtensibilityGlobals) = postSolution
		SolutionGuid = {602F04B5-95D7-4E21-9899-242E7886B332}
	EndGlobalSection
EndGlobal
